
Microsoft Visual Studio Solution File, Format Version 12.00
# Visual Studio Version 16
VisualStudioVersion = 16.0.30114.105
MinimumVisualStudioVersion = 10.0.40219.1
Project("{2150E333-8FDC-42A3-9474-1A3956D46DE8}") = "src", "src", "{6833E1BF-E8B4-4F33-826A-FECDEB6FF51A}"
EndProject
Project("{FAE04EC0-301F-11D3-BF4B-00C04F79EFBC}") = "BusHomework.Api", "src\BusHomework.Api\BusHomework.Api.csproj", "{84D18440-77E8-494E-AFF5-F83E5875EA6C}"
EndProject
Global
	GlobalSection(SolutionConfigurationPlatforms) = preSolution
		Debug|Any CPU = Debug|Any CPU
		Release|Any CPU = Release|Any CPU
	EndGlobalSection
	GlobalSection(SolutionProperties) = preSolution
		HideSolutionNode = FALSE
	EndGlobalSection
	GlobalSection(ProjectConfigurationPlatforms) = postSolution
		{84D18440-77E8-494E-AFF5-F83E5875EA6C}.Debug|Any CPU.ActiveCfg = Debug|Any CPU
		{84D18440-77E8-494E-AFF5-F83E5875EA6C}.Debug|Any CPU.Build.0 = Debug|Any CPU
		{84D18440-77E8-494E-AFF5-F83E5875EA6C}.Release|Any CPU.ActiveCfg = Release|Any CPU
		{84D18440-77E8-494E-AFF5-F83E5875EA6C}.Release|Any CPU.Build.0 = Release|Any CPU
	EndGlobalSection
	GlobalSection(NestedProjects) = preSolution
		{84D18440-77E8-494E-AFF5-F83E5875EA6C} = {6833E1BF-E8B4-4F33-826A-FECDEB6FF51A}
	EndGlobalSection
EndGlobal
